
Microsoft Visual Studio Solution File, Format Version 12.00
# Visual Studio Version 17
VisualStudioVersion = 17.3.32922.545
MinimumVisualStudioVersion = 10.0.40219.1
Project("{FAE04EC0-301F-11D3-BF4B-00C04F79EFBC}") = "Bubble_Sort", "Bubble_Sort\Bubble_Sort.csproj", "{46BB1372-BCF1-41FC-A4A1-8F8DDDF1B706}"
EndProject
Global
	GlobalSection(SolutionConfigurationPlatforms) = preSolution
		Debug|Any CPU = Debug|Any CPU
		Release|Any CPU = Release|Any CPU
	EndGlobalSection
	GlobalSection(ProjectConfigurationPlatforms) = postSolution
		{46BB1372-BCF1-41FC-A4A1-8F8DDDF1B706}.Debug|Any CPU.ActiveCfg = Debug|Any CPU
		{46BB1372-BCF1-41FC-A4A1-8F8DDDF1B706}.Debug|Any CPU.Build.0 = Debug|Any CPU
		{46BB1372-BCF1-41FC-A4A1-8F8DDDF1B706}.Release|Any CPU.ActiveCfg = Release|Any CPU
		{46BB1372-BCF1-41FC-A4A1-8F8DDDF1B706}.Release|Any CPU.Build.0 = Release|Any CPU
	EndGlobalSection
	GlobalSection(SolutionProperties) = preSolution
		HideSolutionNode = FALSE
	EndGlobalSection
	GlobalSection(ExtensibilityGlobals) = postSolution
		SolutionGuid = {5732D183-8A87-424A-BBCD-6AD9368CD3F9}
	EndGlobalSection
EndGlobal
